// !$*UTF8*$!
{
	archiveVersion = 1;
	classes = {
	};
	objectVersion = 50;
	objects = {

/* Begin PBXBuildFile section */
		EAD94A8F24C967910061E5B6 /* Tests_iOS.swift in Sources */ = {isa = PBXBuildFile; fileRef = EAD94A8E24C967910061E5B6 /* Tests_iOS.swift */; };
		EAD94A9A24C967910061E5B6 /* Tests_macOS.swift in Sources */ = {isa = PBXBuildFile; fileRef = EAD94A9924C967910061E5B6 /* Tests_macOS.swift */; };
		EAD94A9C24C967910061E5B6 /* Xcode12VisionApp.swift in Sources */ = {isa = PBXBuildFile; fileRef = EAD94A7324C967900061E5B6 /* Xcode12VisionApp.swift */; };
		EAD94A9D24C967910061E5B6 /* Xcode12VisionApp.swift in Sources */ = {isa = PBXBuildFile; fileRef = EAD94A7324C967900061E5B6 /* Xcode12VisionApp.swift */; };
		EAD94A9E24C967910061E5B6 /* ContentView.swift in Sources */ = {isa = PBXBuildFile; fileRef = EAD94A7424C967900061E5B6 /* ContentView.swift */; };
		EAD94A9F24C967910061E5B6 /* ContentView.swift in Sources */ = {isa = PBXBuildFile; fileRef = EAD94A7424C967900061E5B6 /* ContentView.swift */; };
		EAD94AA024C967910061E5B6 /* Assets.xcassets in Resources */ = {isa = PBXBuildFile; fileRef = EAD94A7524C967910061E5B6 /* Assets.xcassets */; };
		EAD94AA124C967910061E5B6 /* Assets.xcassets in Resources */ = {isa = PBXBuildFile; fileRef = EAD94A7524C967910061E5B6 /* Assets.xcassets */; };
		EAFC1A1A24C96EFF00CF4EB4 /* CaptureSessionView.swift in Sources */ = {isa = PBXBuildFile; fileRef = EAFC1A1924C96EFF00CF4EB4 /* CaptureSessionView.swift */; };
		EAFC1A1C24C96F8D00CF4EB4 /* CaptureSession.swift in Sources */ = {isa = PBXBuildFile; fileRef = EAFC1A1B24C96F8D00CF4EB4 /* CaptureSession.swift */; };
		EAFC1A1D24C96F8D00CF4EB4 /* CaptureSession.swift in Sources */ = {isa = PBXBuildFile; fileRef = EAFC1A1B24C96F8D00CF4EB4 /* CaptureSession.swift */; };
		EAFC1A1F24C9750400CF4EB4 /* CaptureSessionView.swift in Sources */ = {isa = PBXBuildFile; fileRef = EAFC1A1E24C9750400CF4EB4 /* CaptureSessionView.swift */; };
/* End PBXBuildFile section */

/* Begin PBXContainerItemProxy section */
		EAD94A8B24C967910061E5B6 /* PBXContainerItemProxy */ = {
			isa = PBXContainerItemProxy;
			containerPortal = EAD94A6E24C967900061E5B6 /* Project object */;
			proxyType = 1;
			remoteGlobalIDString = EAD94A7924C967910061E5B6;
			remoteInfo = iOS;
		};
		EAD94A9624C967910061E5B6 /* PBXContainerItemProxy */ = {
			isa = PBXContainerItemProxy;
			containerPortal = EAD94A6E24C967900061E5B6 /* Project object */;
			proxyType = 1;
			remoteGlobalIDString = EAD94A8124C967910061E5B6;
			remoteInfo = macOS;
		};
/* End PBXContainerItemProxy section */

/* Begin PBXFileReference section */
		EAD94A7324C967900061E5B6 /* Xcode12VisionApp.swift */ = {isa = PBXFileReference; lastKnownFileType = sourcecode.swift; path = Xcode12VisionApp.swift; sourceTree = "<group>"; };
		EAD94A7424C967900061E5B6 /* ContentView.swift */ = {isa = PBXFileReference; lastKnownFileType = sourcecode.swift; path = ContentView.swift; sourceTree = "<group>"; };
		EAD94A7524C967910061E5B6 /* Assets.xcassets */ = {isa = PBXFileReference; lastKnownFileType = folder.assetcatalog; path = Assets.xcassets; sourceTree = "<group>"; };
		EAD94A7A24C967910061E5B6 /* Xcode12Vision.app */ = {isa = PBXFileReference; explicitFileType = wrapper.application; includeInIndex = 0; path = Xcode12Vision.app; sourceTree = BUILT_PRODUCTS_DIR; };
		EAD94A7D24C967910061E5B6 /* Info.plist */ = {isa = PBXFileReference; lastKnownFileType = text.plist.xml; path = Info.plist; sourceTree = "<group>"; };
		EAD94A8224C967910061E5B6 /* Xcode12Vision.app */ = {isa = PBXFileReference; explicitFileType = wrapper.application; includeInIndex = 0; path = Xcode12Vision.app; sourceTree = BUILT_PRODUCTS_DIR; };
		EAD94A8424C967910061E5B6 /* Info.plist */ = {isa = PBXFileReference; lastKnownFileType = text.plist.xml; path = Info.plist; sourceTree = "<group>"; };
		EAD94A8524C967910061E5B6 /* macOS.entitlements */ = {isa = PBXFileReference; lastKnownFileType = text.plist.entitlements; path = macOS.entitlements; sourceTree = "<group>"; };
		EAD94A8A24C967910061E5B6 /* Tests iOS.xctest */ = {isa = PBXFileReference; explicitFileType = wrapper.cfbundle; includeInIndex = 0; path = "Tests iOS.xctest"; sourceTree = BUILT_PRODUCTS_DIR; };
		EAD94A8E24C967910061E5B6 /* Tests_iOS.swift */ = {isa = PBXFileReference; lastKnownFileType = sourcecode.swift; path = Tests_iOS.swift; sourceTree = "<group>"; };
		EAD94A9024C967910061E5B6 /* Info.plist */ = {isa = PBXFileReference; lastKnownFileType = text.plist.xml; path = Info.plist; sourceTree = "<group>"; };
		EAD94A9524C967910061E5B6 /* Tests macOS.xctest */ = {isa = PBXFileReference; explicitFileType = wrapper.cfbundle; includeInIndex = 0; path = "Tests macOS.xctest"; sourceTree = BUILT_PRODUCTS_DIR; };
		EAD94A9924C967910061E5B6 /* Tests_macOS.swift */ = {isa = PBXFileReference; lastKnownFileType = sourcecode.swift; path = Tests_macOS.swift; sourceTree = "<group>"; };
		EAD94A9B24C967910061E5B6 /* Info.plist */ = {isa = PBXFileReference; lastKnownFileType = text.plist.xml; path = Info.plist; sourceTree = "<group>"; };
		EAFC1A1924C96EFF00CF4EB4 /* CaptureSessionView.swift */ = {isa = PBXFileReference; lastKnownFileType = sourcecode.swift; path = CaptureSessionView.swift; sourceTree = "<group>"; };
		EAFC1A1B24C96F8D00CF4EB4 /* CaptureSession.swift */ = {isa = PBXFileReference; lastKnownFileType = sourcecode.swift; path = CaptureSession.swift; sourceTree = "<group>"; };
		EAFC1A1E24C9750400CF4EB4 /* CaptureSessionView.swift */ = {isa = PBXFileReference; lastKnownFileType = sourcecode.swift; path = CaptureSessionView.swift; sourceTree = "<group>"; };
/* End PBXFileReference section */

/* Begin PBXFrameworksBuildPhase section */
		EAD94A7724C967910061E5B6 /* Frameworks */ = {
			isa = PBXFrameworksBuildPhase;
			buildActionMask = 2147483647;
			files = (
			);
			runOnlyForDeploymentPostprocessing = 0;
		};
		EAD94A7F24C967910061E5B6 /* Frameworks */ = {
			isa = PBXFrameworksBuildPhase;
			buildActionMask = 2147483647;
			files = (
			);
			runOnlyForDeploymentPostprocessing = 0;
		};
		EAD94A8724C967910061E5B6 /* Frameworks */ = {
			isa = PBXFrameworksBuildPhase;
			buildActionMask = 2147483647;
			files = (
			);
			runOnlyForDeploymentPostprocessing = 0;
		};
		EAD94A9224C967910061E5B6 /* Frameworks */ = {
			isa = PBXFrameworksBuildPhase;
			buildActionMask = 2147483647;
			files = (
			);
			runOnlyForDeploymentPostprocessing = 0;
		};
/* End PBXFrameworksBuildPhase section */

/* Begin PBXGroup section */
		EAD94A6D24C967900061E5B6 = {
			isa = PBXGroup;
			children = (
				EAD94A7224C967900061E5B6 /* Shared */,
				EAD94A7C24C967910061E5B6 /* iOS */,
				EAD94A8324C967910061E5B6 /* macOS */,
				EAD94A8D24C967910061E5B6 /* Tests iOS */,
				EAD94A9824C967910061E5B6 /* Tests macOS */,
				EAD94A7B24C967910061E5B6 /* Products */,
			);
			sourceTree = "<group>";
		};
		EAD94A7224C967900061E5B6 /* Shared */ = {
			isa = PBXGroup;
			children = (
				EAD94A7324C967900061E5B6 /* Xcode12VisionApp.swift */,
				EAD94A7424C967900061E5B6 /* ContentView.swift */,
				EAFC1A1B24C96F8D00CF4EB4 /* CaptureSession.swift */,
				EAD94A7524C967910061E5B6 /* Assets.xcassets */,
			);
			path = Shared;
			sourceTree = "<group>";
		};
		EAD94A7B24C967910061E5B6 /* Products */ = {
			isa = PBXGroup;
			children = (
				EAD94A7A24C967910061E5B6 /* Xcode12Vision.app */,
				EAD94A8224C967910061E5B6 /* Xcode12Vision.app */,
				EAD94A8A24C967910061E5B6 /* Tests iOS.xctest */,
				EAD94A9524C967910061E5B6 /* Tests macOS.xctest */,
			);
			name = Products;
			sourceTree = "<group>";
		};
		EAD94A7C24C967910061E5B6 /* iOS */ = {
			isa = PBXGroup;
			children = (
				EAD94A7D24C967910061E5B6 /* Info.plist */,
				EAFC1A1E24C9750400CF4EB4 /* CaptureSessionView.swift */,
			);
			path = iOS;
			sourceTree = "<group>";
		};
		EAD94A8324C967910061E5B6 /* macOS */ = {
			isa = PBXGroup;
			children = (
				EAD94A8424C967910061E5B6 /* Info.plist */,
				EAFC1A1924C96EFF00CF4EB4 /* CaptureSessionView.swift */,
				EAD94A8524C967910061E5B6 /* macOS.entitlements */,
			);
			path = macOS;
			sourceTree = "<group>";
		};
		EAD94A8D24C967910061E5B6 /* Tests iOS */ = {
			isa = PBXGroup;
			children = (
				EAD94A8E24C967910061E5B6 /* Tests_iOS.swift */,
				EAD94A9024C967910061E5B6 /* Info.plist */,
			);
			path = "Tests iOS";
			sourceTree = "<group>";
		};
		EAD94A9824C967910061E5B6 /* Tests macOS */ = {
			isa = PBXGroup;
			children = (
				EAD94A9924C967910061E5B6 /* Tests_macOS.swift */,
				EAD94A9B24C967910061E5B6 /* Info.plist */,
			);
			path = "Tests macOS";
			sourceTree = "<group>";
		};
/* End PBXGroup section */

/* Begin PBXNativeTarget section */
		EAD94A7924C967910061E5B6 /* iOS */ = {
			isa = PBXNativeTarget;
			buildConfigurationList = EAD94AA424C967910061E5B6 /* Build configuration list for PBXNativeTarget "iOS" */;
			buildPhases = (
				EAD94A7624C967910061E5B6 /* Sources */,
				EAD94A7724C967910061E5B6 /* Frameworks */,
				EAD94A7824C967910061E5B6 /* Resources */,
			);
			buildRules = (
			);
			dependencies = (
			);
			name = iOS;
			productName = iOS;
			productReference = EAD94A7A24C967910061E5B6 /* Xcode12Vision.app */;
			productType = "com.apple.product-type.application";
		};
		EAD94A8124C967910061E5B6 /* macOS */ = {
			isa = PBXNativeTarget;
			buildConfigurationList = EAD94AA724C967910061E5B6 /* Build configuration list for PBXNativeTarget "macOS" */;
			buildPhases = (
				EAD94A7E24C967910061E5B6 /* Sources */,
				EAD94A7F24C967910061E5B6 /* Frameworks */,
				EAD94A8024C967910061E5B6 /* Resources */,
			);
			buildRules = (
			);
			dependencies = (
			);
			name = macOS;
			productName = macOS;
			productReference = EAD94A8224C967910061E5B6 /* Xcode12Vision.app */;
			productType = "com.apple.product-type.application";
		};
		EAD94A8924C967910061E5B6 /* Tests iOS */ = {
			isa = PBXNativeTarget;
			buildConfigurationList = EAD94AAA24C967910061E5B6 /* Build configuration list for PBXNativeTarget "Tests iOS" */;
			buildPhases = (
				EAD94A8624C967910061E5B6 /* Sources */,
				EAD94A8724C967910061E5B6 /* Frameworks */,
				EAD94A8824C967910061E5B6 /* Resources */,
			);
			buildRules = (
			);
			dependencies = (
				EAD94A8C24C967910061E5B6 /* PBXTargetDependency */,
			);
			name = "Tests iOS";
			productName = "Tests iOS";
			productReference = EAD94A8A24C967910061E5B6 /* Tests iOS.xctest */;
			productType = "com.apple.product-type.bundle.ui-testing";
		};
		EAD94A9424C967910061E5B6 /* Tests macOS */ = {
			isa = PBXNativeTarget;
			buildConfigurationList = EAD94AAD24C967910061E5B6 /* Build configuration list for PBXNativeTarget "Tests macOS" */;
			buildPhases = (
				EAD94A9124C967910061E5B6 /* Sources */,
				EAD94A9224C967910061E5B6 /* Frameworks */,
				EAD94A9324C967910061E5B6 /* Resources */,
			);
			buildRules = (
			);
			dependencies = (
				EAD94A9724C967910061E5B6 /* PBXTargetDependency */,
			);
			name = "Tests macOS";
			productName = "Tests macOS";
			productReference = EAD94A9524C967910061E5B6 /* Tests macOS.xctest */;
			productType = "com.apple.product-type.bundle.ui-testing";
		};
/* End PBXNativeTarget section */

/* Begin PBXProject section */
		EAD94A6E24C967900061E5B6 /* Project object */ = {
			isa = PBXProject;
			attributes = {
				LastSwiftUpdateCheck = 1200;
				LastUpgradeCheck = 1200;
				TargetAttributes = {
					EAD94A7924C967910061E5B6 = {
						CreatedOnToolsVersion = 12.0;
					};
					EAD94A8124C967910061E5B6 = {
						CreatedOnToolsVersion = 12.0;
					};
					EAD94A8924C967910061E5B6 = {
						CreatedOnToolsVersion = 12.0;
						TestTargetID = EAD94A7924C967910061E5B6;
					};
					EAD94A9424C967910061E5B6 = {
						CreatedOnToolsVersion = 12.0;
						TestTargetID = EAD94A8124C967910061E5B6;
					};
				};
			};
			buildConfigurationList = EAD94A7124C967900061E5B6 /* Build configuration list for PBXProject "Xcode12Vision" */;
			compatibilityVersion = "Xcode 9.3";
			developmentRegion = en;
			hasScannedForEncodings = 0;
			knownRegions = (
				en,
				Base,
			);
			mainGroup = EAD94A6D24C967900061E5B6;
			productRefGroup = EAD94A7B24C967910061E5B6 /* Products */;
			projectDirPath = "";
			projectRoot = "";
			targets = (
				EAD94A7924C967910061E5B6 /* iOS */,
				EAD94A8124C967910061E5B6 /* macOS */,
				EAD94A8924C967910061E5B6 /* Tests iOS */,
				EAD94A9424C967910061E5B6 /* Tests macOS */,
			);
		};
/* End PBXProject section */

/* Begin PBXResourcesBuildPhase section */
		EAD94A7824C967910061E5B6 /* Resources */ = {
			isa = PBXResourcesBuildPhase;
			buildActionMask = 2147483647;
			files = (
				EAD94AA024C967910061E5B6 /* Assets.xcassets in Resources */,
			);
			runOnlyForDeploymentPostprocessing = 0;
		};
		EAD94A8024C967910061E5B6 /* Resources */ = {
			isa = PBXResourcesBuildPhase;
			buildActionMask = 2147483647;
			files = (
				EAD94AA124C967910061E5B6 /* Assets.xcassets in Resources */,
			);
			runOnlyForDeploymentPostprocessing = 0;
		};
		EAD94A8824C967910061E5B6 /* Resources */ = {
			isa = PBXResourcesBuildPhase;
			buildActionMask = 2147483647;
			files = (
			);
			runOnlyForDeploymentPostprocessing = 0;
		};
		EAD94A9324C967910061E5B6 /* Resources */ = {
			isa = PBXResourcesBuildPhase;
			buildActionMask = 2147483647;
			files = (
			);
			runOnlyForDeploymentPostprocessing = 0;
		};
/* End PBXResourcesBuildPhase section */

/* Begin PBXSourcesBuildPhase section */
		EAD94A7624C967910061E5B6 /* Sources */ = {
			isa = PBXSourcesBuildPhase;
			buildActionMask = 2147483647;
			files = (
				EAD94A9E24C967910061E5B6 /* ContentView.swift in Sources */,
				EAD94A9C24C967910061E5B6 /* Xcode12VisionApp.swift in Sources */,
				EAFC1A1F24C9750400CF4EB4 /* CaptureSessionView.swift in Sources */,
				EAFC1A1C24C96F8D00CF4EB4 /* CaptureSession.swift in Sources */,
			);
			runOnlyForDeploymentPostprocessing = 0;
		};
		EAD94A7E24C967910061E5B6 /* Sources */ = {
			isa = PBXSourcesBuildPhase;
			buildActionMask = 2147483647;
			files = (
				EAD94A9F24C967910061E5B6 /* ContentView.swift in Sources */,
				EAFC1A1A24C96EFF00CF4EB4 /* CaptureSessionView.swift in Sources */,
				EAD94A9D24C967910061E5B6 /* Xcode12VisionApp.swift in Sources */,
				EAFC1A1D24C96F8D00CF4EB4 /* CaptureSession.swift in Sources */,
			);
			runOnlyForDeploymentPostprocessing = 0;
		};
		EAD94A8624C967910061E5B6 /* Sources */ = {
			isa = PBXSourcesBuildPhase;
			buildActionMask = 2147483647;
			files = (
				EAD94A8F24C967910061E5B6 /* Tests_iOS.swift in Sources */,
			);
			runOnlyForDeploymentPostprocessing = 0;
		};
		EAD94A9124C967910061E5B6 /* Sources */ = {
			isa = PBXSourcesBuildPhase;
			buildActionMask = 2147483647;
			files = (
				EAD94A9A24C967910061E5B6 /* Tests_macOS.swift in Sources */,
			);
			runOnlyForDeploymentPostprocessing = 0;
		};
/* End PBXSourcesBuildPhase section */

/* Begin PBXTargetDependency section */
		EAD94A8C24C967910061E5B6 /* PBXTargetDependency */ = {
			isa = PBXTargetDependency;
			target = EAD94A7924C967910061E5B6 /* iOS */;
			targetProxy = EAD94A8B24C967910061E5B6 /* PBXContainerItemProxy */;
		};
		EAD94A9724C967910061E5B6 /* PBXTargetDependency */ = {
			isa = PBXTargetDependency;
			target = EAD94A8124C967910061E5B6 /* macOS */;
			targetProxy = EAD94A9624C967910061E5B6 /* PBXContainerItemProxy */;
		};
/* End PBXTargetDependency section */

/* Begin XCBuildConfiguration section */
		EAD94AA224C967910061E5B6 /* Debug */ = {
			isa = XCBuildConfiguration;
			buildSettings = {
				ALWAYS_SEARCH_USER_PATHS = NO;
				CLANG_ANALYZER_NONNULL = YES;
				CLANG_ANALYZER_NUMBER_OBJECT_CONVERSION = YES_AGGRESSIVE;
				CLANG_CXX_LANGUAGE_STANDARD = "gnu++14";
				CLANG_CXX_LIBRARY = "libc++";
				CLANG_ENABLE_MODULES = YES;
				CLANG_ENABLE_OBJC_ARC = YES;
				CLANG_ENABLE_OBJC_WEAK = YES;
				CLANG_WARN_BLOCK_CAPTURE_AUTORELEASING = YES;
				CLANG_WARN_BOOL_CONVERSION = YES;
				CLANG_WARN_COMMA = YES;
				CLANG_WARN_CONSTANT_CONVERSION = YES;
				CLANG_WARN_DEPRECATED_OBJC_IMPLEMENTATIONS = YES;
				CLANG_WARN_DIRECT_OBJC_ISA_USAGE = YES_ERROR;
				CLANG_WARN_DOCUMENTATION_COMMENTS = YES;
				CLANG_WARN_EMPTY_BODY = YES;
				CLANG_WARN_ENUM_CONVERSION = YES;
				CLANG_WARN_INFINITE_RECURSION = YES;
				CLANG_WARN_INT_CONVERSION = YES;
				CLANG_WARN_NON_LITERAL_NULL_CONVERSION = YES;
				CLANG_WARN_OBJC_IMPLICIT_RETAIN_SELF = YES;
				CLANG_WARN_OBJC_LITERAL_CONVERSION = YES;
				CLANG_WARN_OBJC_ROOT_CLASS = YES_ERROR;
				CLANG_WARN_QUOTED_INCLUDE_IN_FRAMEWORK_HEADER = YES;
				CLANG_WARN_RANGE_LOOP_ANALYSIS = YES;
				CLANG_WARN_STRICT_PROTOTYPES = YES;
				CLANG_WARN_SUSPICIOUS_MOVE = YES;
				CLANG_WARN_UNGUARDED_AVAILABILITY = YES_AGGRESSIVE;
				CLANG_WARN_UNREACHABLE_CODE = YES;
				CLANG_WARN__DUPLICATE_METHOD_MATCH = YES;
				COPY_PHASE_STRIP = NO;
				DEBUG_INFORMATION_FORMAT = dwarf;
				ENABLE_STRICT_OBJC_MSGSEND = YES;
				ENABLE_TESTABILITY = YES;
				GCC_C_LANGUAGE_STANDARD = gnu11;
				GCC_DYNAMIC_NO_PIC = NO;
				GCC_NO_COMMON_BLOCKS = YES;
				GCC_OPTIMIZATION_LEVEL = 0;
				GCC_PREPROCESSOR_DEFINITIONS = (
					"DEBUG=1",
					"$(inherited)",
				);
				GCC_WARN_64_TO_32_BIT_CONVERSION = YES;
				GCC_WARN_ABOUT_RETURN_TYPE = YES_ERROR;
				GCC_WARN_UNDECLARED_SELECTOR = YES;
				GCC_WARN_UNINITIALIZED_AUTOS = YES_AGGRESSIVE;
				GCC_WARN_UNUSED_FUNCTION = YES;
				GCC_WARN_UNUSED_VARIABLE = YES;
				MTL_ENABLE_DEBUG_INFO = INCLUDE_SOURCE;
				MTL_FAST_MATH = YES;
				ONLY_ACTIVE_ARCH = YES;
				SWIFT_ACTIVE_COMPILATION_CONDITIONS = DEBUG;
				SWIFT_OPTIMIZATION_LEVEL = "-Onone";
			};
			name = Debug;
		};
		EAD94AA324C967910061E5B6 /* Release */ = {
			isa = XCBuildConfiguration;
			buildSettings = {
				ALWAYS_SEARCH_USER_PATHS = NO;
				CLANG_ANALYZER_NONNULL = YES;
				CLANG_ANALYZER_NUMBER_OBJECT_CONVERSION = YES_AGGRESSIVE;
				CLANG_CXX_LANGUAGE_STANDARD = "gnu++14";
				CLANG_CXX_LIBRARY = "libc++";
				CLANG_ENABLE_MODULES = YES;
				CLANG_ENABLE_OBJC_ARC = YES;
				CLANG_ENABLE_OBJC_WEAK = YES;
				CLANG_WARN_BLOCK_CAPTURE_AUTORELEASING = YES;
				CLANG_WARN_BOOL_CONVERSION = YES;
				CLANG_WARN_COMMA = YES;
				CLANG_WARN_CONSTANT_CONVERSION = YES;
				CLANG_WARN_DEPRECATED_OBJC_IMPLEMENTATIONS = YES;
				CLANG_WARN_DIRECT_OBJC_ISA_USAGE = YES_ERROR;
				CLANG_WARN_DOCUMENTATION_COMMENTS = YES;
				CLANG_WARN_EMPTY_BODY = YES;
				CLANG_WARN_ENUM_CONVERSION = YES;
				CLANG_WARN_INFINITE_RECURSION = YES;
				CLANG_WARN_INT_CONVERSION = YES;
				CLANG_WARN_NON_LITERAL_NULL_CONVERSION = YES;
				CLANG_WARN_OBJC_IMPLICIT_RETAIN_SELF = YES;
				CLANG_WARN_OBJC_LITERAL_CONVERSION = YES;
				CLANG_WARN_OBJC_ROOT_CLASS = YES_ERROR;
				CLANG_WARN_QUOTED_INCLUDE_IN_FRAMEWORK_HEADER = YES;
				CLANG_WARN_RANGE_LOOP_ANALYSIS = YES;
				CLANG_WARN_STRICT_PROTOTYPES = YES;
				CLANG_WARN_SUSPICIOUS_MOVE = YES;
				CLANG_WARN_UNGUARDED_AVAILABILITY = YES_AGGRESSIVE;
				CLANG_WARN_UNREACHABLE_CODE = YES;
				CLANG_WARN__DUPLICATE_METHOD_MATCH = YES;
				COPY_PHASE_STRIP = NO;
				DEBUG_INFORMATION_FORMAT = "dwarf-with-dsym";
				ENABLE_NS_ASSERTIONS = NO;
				ENABLE_STRICT_OBJC_MSGSEND = YES;
				GCC_C_LANGUAGE_STANDARD = gnu11;
				GCC_NO_COMMON_BLOCKS = YES;
				GCC_WARN_64_TO_32_BIT_CONVERSION = YES;
				GCC_WARN_ABOUT_RETURN_TYPE = YES_ERROR;
				GCC_WARN_UNDECLARED_SELECTOR = YES;
				GCC_WARN_UNINITIALIZED_AUTOS = YES_AGGRESSIVE;
				GCC_WARN_UNUSED_FUNCTION = YES;
				GCC_WARN_UNUSED_VARIABLE = YES;
				MTL_ENABLE_DEBUG_INFO = NO;
				MTL_FAST_MATH = YES;
				SWIFT_COMPILATION_MODE = wholemodule;
				SWIFT_OPTIMIZATION_LEVEL = "-O";
			};
			name = Release;
		};
		EAD94AA524C967910061E5B6 /* Debug */ = {
			isa = XCBuildConfiguration;
			buildSettings = {
				ASSETCATALOG_COMPILER_APPICON_NAME = AppIcon;
				ASSETCATALOG_COMPILER_GLOBAL_ACCENT_COLOR_NAME = AccentColor;
				CODE_SIGN_STYLE = Automatic;
				DEVELOPMENT_TEAM = FPZK4WRGW7;
				ENABLE_PREVIEWS = YES;
				INFOPLIST_FILE = iOS/Info.plist;
				IPHONEOS_DEPLOYMENT_TARGET = 14.0;
				LD_RUNPATH_SEARCH_PATHS = (
					"$(inherited)",
					"@executable_path/Frameworks",
				);
				PRODUCT_BUNDLE_IDENTIFIER = jp.banjun.exp.Xcode12Vision;
				PRODUCT_NAME = Xcode12Vision;
				SDKROOT = iphoneos;
				SWIFT_VERSION = 5.0;
				TARGETED_DEVICE_FAMILY = "1,2";
			};
			name = Debug;
		};
		EAD94AA624C967910061E5B6 /* Release */ = {
			isa = XCBuildConfiguration;
			buildSettings = {
				ASSETCATALOG_COMPILER_APPICON_NAME = AppIcon;
				ASSETCATALOG_COMPILER_GLOBAL_ACCENT_COLOR_NAME = AccentColor;
				CODE_SIGN_STYLE = Automatic;
				DEVELOPMENT_TEAM = FPZK4WRGW7;
				ENABLE_PREVIEWS = YES;
				INFOPLIST_FILE = iOS/Info.plist;
				IPHONEOS_DEPLOYMENT_TARGET = 14.0;
				LD_RUNPATH_SEARCH_PATHS = (
					"$(inherited)",
					"@executable_path/Frameworks",
				);
				PRODUCT_BUNDLE_IDENTIFIER = jp.banjun.exp.Xcode12Vision;
				PRODUCT_NAME = Xcode12Vision;
				SDKROOT = iphoneos;
				SWIFT_VERSION = 5.0;
				TARGETED_DEVICE_FAMILY = "1,2";
				VALIDATE_PRODUCT = YES;
			};
			name = Release;
		};
		EAD94AA824C967910061E5B6 /* Debug */ = {
			isa = XCBuildConfiguration;
			buildSettings = {
				ASSETCATALOG_COMPILER_APPICON_NAME = AppIcon;
				ASSETCATALOG_COMPILER_GLOBAL_ACCENT_COLOR_NAME = AccentColor;
				CODE_SIGN_ENTITLEMENTS = macOS/macOS.entitlements;
				CODE_SIGN_STYLE = Automatic;
				COMBINE_HIDPI_IMAGES = YES;
				ENABLE_PREVIEWS = YES;
				INFOPLIST_FILE = macOS/Info.plist;
				LD_RUNPATH_SEARCH_PATHS = (
					"$(inherited)",
					"@executable_path/../Frameworks",
				);
				MACOSX_DEPLOYMENT_TARGET = 10.16;
				PRODUCT_BUNDLE_IDENTIFIER = jp.banjun.exp.Xcode12Vision;
				PRODUCT_NAME = Xcode12Vision;
				SDKROOT = macosx;
				SWIFT_VERSION = 5.0;
			};
			name = Debug;
		};
		EAD94AA924C967910061E5B6 /* Release */ = {
			isa = XCBuildConfiguration;
			buildSettings = {
				ASSETCATALOG_COMPILER_APPICON_NAME = AppIcon;
				ASSETCATALOG_COMPILER_GLOBAL_ACCENT_COLOR_NAME = AccentColor;
				CODE_SIGN_ENTITLEMENTS = macOS/macOS.entitlements;
				CODE_SIGN_STYLE = Automatic;
				COMBINE_HIDPI_IMAGES = YES;
				ENABLE_PREVIEWS = YES;
				INFOPLIST_FILE = macOS/Info.plist;
				LD_RUNPATH_SEARCH_PATHS = (
					"$(inherited)",
					"@executable_path/../Frameworks",
				);
				MACOSX_DEPLOYMENT_TARGET = 10.16;
				PRODUCT_BUNDLE_IDENTIFIER = jp.banjun.exp.Xcode12Vision;
				PRODUCT_NAME = Xcode12Vision;
				SDKROOT = macosx;
				SWIFT_VERSION = 5.0;
			};
			name = Release;
		};
		EAD94AAB24C967910061E5B6 /* Debug */ = {
			isa = XCBuildConfiguration;
			buildSettings = {
				ALWAYS_EMBED_SWIFT_STANDARD_LIBRARIES = YES;
				CODE_SIGN_STYLE = Automatic;
				INFOPLIST_FILE = "Tests iOS/Info.plist";
				IPHONEOS_DEPLOYMENT_TARGET = 14.0;
				LD_RUNPATH_SEARCH_PATHS = (
					"$(inherited)",
					"@executable_path/Frameworks",
					"@loader_path/Frameworks",
				);
				PRODUCT_BUNDLE_IDENTIFIER = "jp.banjun.exp.Tests-iOS";
				PRODUCT_NAME = "$(TARGET_NAME)";
				SDKROOT = iphoneos;
				SWIFT_VERSION = 5.0;
				TARGETED_DEVICE_FAMILY = "1,2";
				TEST_TARGET_NAME = iOS;
			};
			name = Debug;
		};
		EAD94AAC24C967910061E5B6 /* Release */ = {
			isa = XCBuildConfiguration;
			buildSettings = {
				ALWAYS_EMBED_SWIFT_STANDARD_LIBRARIES = YES;
				CODE_SIGN_STYLE = Automatic;
				INFOPLIST_FILE = "Tests iOS/Info.plist";
				IPHONEOS_DEPLOYMENT_TARGET = 14.0;
				LD_RUNPATH_SEARCH_PATHS = (
					"$(inherited)",
					"@executable_path/Frameworks",
					"@loader_path/Frameworks",
				);
				PRODUCT_BUNDLE_IDENTIFIER = "jp.banjun.exp.Tests-iOS";
				PRODUCT_NAME = "$(TARGET_NAME)";
				SDKROOT = iphoneos;
				SWIFT_VERSION = 5.0;
				TARGETED_DEVICE_FAMILY = "1,2";
				TEST_TARGET_NAME = iOS;
				VALIDATE_PRODUCT = YES;
			};
			name = Release;
		};
		EAD94AAE24C967910061E5B6 /* Debug */ = {
			isa = XCBuildConfiguration;
			buildSettings = {
				ALWAYS_EMBED_SWIFT_STANDARD_LIBRARIES = YES;
				CODE_SIGN_STYLE = Automatic;
				COMBINE_HIDPI_IMAGES = YES;
				INFOPLIST_FILE = "Tests macOS/Info.plist";
				LD_RUNPATH_SEARCH_PATHS = (
					"$(inherited)",
					"@executable_path/../Frameworks",
					"@loader_path/../Frameworks",
				);
				MACOSX_DEPLOYMENT_TARGET = 10.16;
				PRODUCT_BUNDLE_IDENTIFIER = "jp.banjun.exp.Tests-macOS";
				PRODUCT_NAME = "$(TARGET_NAME)";
				SDKROOT = macosx;
				SWIFT_VERSION = 5.0;
				TEST_TARGET_NAME = macOS;
			};
			name = Debug;
		};
		EAD94AAF24C967910061E5B6 /* Release */ = {
			isa = XCBuildConfiguration;
			buildSettings = {
				ALWAYS_EMBED_SWIFT_STANDARD_LIBRARIES = YES;
				CODE_SIGN_STYLE = Automatic;
				COMBINE_HIDPI_IMAGES = YES;
				INFOPLIST_FILE = "Tests macOS/Info.plist";
				LD_RUNPATH_SEARCH_PATHS = (
					"$(inherited)",
					"@executable_path/../Frameworks",
					"@loader_path/../Frameworks",
				);
				MACOSX_DEPLOYMENT_TARGET = 10.16;
				PRODUCT_BUNDLE_IDENTIFIER = "jp.banjun.exp.Tests-macOS";
				PRODUCT_NAME = "$(TARGET_NAME)";
				SDKROOT = macosx;
				SWIFT_VERSION = 5.0;
				TEST_TARGET_NAME = macOS;
			};
			name = Release;
		};
/* End XCBuildConfiguration section */

/* Begin XCConfigurationList section */
		EAD94A7124C967900061E5B6 /* Build configuration list for PBXProject "Xcode12Vision" */ = {
			isa = XCConfigurationList;
			buildConfigurations = (
				EAD94AA224C967910061E5B6 /* Debug */,
				EAD94AA324C967910061E5B6 /* Release */,
			);
			defaultConfigurationIsVisible = 0;
			defaultConfigurationName = Release;
		};
		EAD94AA424C967910061E5B6 /* Build configuration list for PBXNativeTarget "iOS" */ = {
			isa = XCConfigurationList;
			buildConfigurations = (
				EAD94AA524C967910061E5B6 /* Debug */,
				EAD94AA624C967910061E5B6 /* Release */,
			);
			defaultConfigurationIsVisible = 0;
			defaultConfigurationName = Release;
		};
		EAD94AA724C967910061E5B6 /* Build configuration list for PBXNativeTarget "macOS" */ = {
			isa = XCConfigurationList;
			buildConfigurations = (
				EAD94AA824C967910061E5B6 /* Debug */,
				EAD94AA924C967910061E5B6 /* Release */,
			);
			defaultConfigurationIsVisible = 0;
			defaultConfigurationName = Release;
		};
		EAD94AAA24C967910061E5B6 /* Build configuration list for PBXNativeTarget "Tests iOS" */ = {
			isa = XCConfigurationList;
			buildConfigurations = (
				EAD94AAB24C967910061E5B6 /* Debug */,
				EAD94AAC24C967910061E5B6 /* Release */,
			);
			defaultConfigurationIsVisible = 0;
			defaultConfigurationName = Release;
		};
		EAD94AAD24C967910061E5B6 /* Build configuration list for PBXNativeTarget "Tests macOS" */ = {
			isa = XCConfigurationList;
			buildConfigurations = (
				EAD94AAE24C967910061E5B6 /* Debug */,
				EAD94AAF24C967910061E5B6 /* Release */,
			);
			defaultConfigurationIsVisible = 0;
			defaultConfigurationName = Release;
		};
/* End XCConfigurationList section */
	};
	rootObject = EAD94A6E24C967900061E5B6 /* Project object */;
}
